
Microsoft Visual Studio Solution File, Format Version 12.00
# Visual Studio Version 17
VisualStudioVersion = 17.14.36717.8 d17.14
MinimumVisualStudioVersion = 10.0.40219.1
Project("{8BC9CEB8-8B4A-11D0-8D11-00A0C91BC942}") = "DB_Viewer", "DB_Viewer.vcxproj", "{81796C69-3C14-4158-E3ED-B593311B03AB}"
EndProject
Global
	GlobalSection(SolutionConfigurationPlatforms) = preSolution
		Debug|x64 = Debug|x64
		Debug|x86 = Debug|x86
		Release|x64 = Release|x64
		Release|x86 = Release|x86
	EndGlobalSection
	GlobalSection(ProjectConfigurationPlatforms) = postSolution
		{81796C69-3C14-4158-E3ED-B593311B03AB}.Debug|x64.ActiveCfg = Debug|x64
		{81796C69-3C14-4158-E3ED-B593311B03AB}.Debug|x64.Build.0 = Debug|x64
		{81796C69-3C14-4158-E3ED-B593311B03AB}.Debug|x86.ActiveCfg = Debug|Win32
		{81796C69-3C14-4158-E3ED-B593311B03AB}.Debug|x86.Build.0 = Debug|Win32
		{81796C69-3C14-4158-E3ED-B593311B03AB}.Release|x64.ActiveCfg = Release|x64
		{81796C69-3C14-4158-E3ED-B593311B03AB}.Release|x64.Build.0 = Release|x64
		{81796C69-3C14-4158-E3ED-B593311B03AB}.Release|x86.ActiveCfg = Release|Win32
		{81796C69-3C14-4158-E3ED-B593311B03AB}.Release|x86.Build.0 = Release|Win32
	EndGlobalSection
	GlobalSection(SolutionProperties) = preSolution
		HideSolutionNode = FALSE
	EndGlobalSection
	GlobalSection(ExtensibilityGlobals) = postSolution
		SolutionGuid = {EC0E39EB-3EDC-4A37-BE12-C65C2A60C5A6}
	EndGlobalSection
EndGlobal
